
Microsoft Visual Studio Solution File, Format Version 12.00
# Visual Studio Version 16
VisualStudioVersion = 16.0.30711.63
MinimumVisualStudioVersion = 10.0.40219.1
Project("{FAE04EC0-301F-11D3-BF4B-00C04F79EFBC}") = "BMI Calculator", "BMI Calculator\BMI Calculator.csproj", "{DDBB267E-5616-4F71-9616-E9E54FD71592}"
EndProject
Global
	GlobalSection(SolutionConfigurationPlatforms) = preSolution
		Debug|Any CPU = Debug|Any CPU
		Release|Any CPU = Release|Any CPU
	EndGlobalSection
	GlobalSection(ProjectConfigurationPlatforms) = postSolution
		{DDBB267E-5616-4F71-9616-E9E54FD71592}.Debug|Any CPU.ActiveCfg = Debug|Any CPU
		{DDBB267E-5616-4F71-9616-E9E54FD71592}.Debug|Any CPU.Build.0 = Debug|Any CPU
		{DDBB267E-5616-4F71-9616-E9E54FD71592}.Release|Any CPU.ActiveCfg = Release|Any CPU
		{DDBB267E-5616-4F71-9616-E9E54FD71592}.Release|Any CPU.Build.0 = Release|Any CPU
	EndGlobalSection
	GlobalSection(SolutionProperties) = preSolution
		HideSolutionNode = FALSE
	EndGlobalSection
	GlobalSection(ExtensibilityGlobals) = postSolution
		SolutionGuid = {DDE95474-BA3E-4331-9319-1AA2CA0F7A73}
	EndGlobalSection
EndGlobal
